
Microsoft Visual Studio Solution File, Format Version 12.00
# Visual Studio Version 17
VisualStudioVersion = 17.14.36414.22
MinimumVisualStudioVersion = 10.0.40219.1
Project("{FAE04EC0-301F-11D3-BF4B-00C04F79EFBC}") = "MIDILINK", "MIDILINK.csproj", "{E0EF3648-62EF-45F7-8661-8E94436F6AF1}"
EndProject
Project("{C7167F0D-BC9F-4E6E-AFE1-012C56B48DB5}") = "MIDILINK.Package", "..\MIDILINK.Package\MIDILINK.Package.wapproj", "{6225F434-56CC-4A9E-B84F-4FA6FC97782B}"
EndProject
Global
	GlobalSection(SolutionConfigurationPlatforms) = preSolution
		Debug|Any CPU = Debug|Any CPU
		Debug|ARM = Debug|ARM
		Debug|ARM64 = Debug|ARM64
		Debug|x64 = Debug|x64
		Debug|x86 = Debug|x86
		Release|Any CPU = Release|Any CPU
		Release|ARM = Release|ARM
		Release|ARM64 = Release|ARM64
		Release|x64 = Release|x64
		Release|x86 = Release|x86
	EndGlobalSection
	GlobalSection(ProjectConfigurationPlatforms) = postSolution
		{E0EF3648-62EF-45F7-8661-8E94436F6AF1}.Debug|Any CPU.ActiveCfg = Debug|x64
		{E0EF3648-62EF-45F7-8661-8E94436F6AF1}.Debug|Any CPU.Build.0 = Debug|x64
		{E0EF3648-62EF-45F7-8661-8E94436F6AF1}.Debug|ARM.ActiveCfg = Debug|x64
		{E0EF3648-62EF-45F7-8661-8E94436F6AF1}.Debug|ARM64.ActiveCfg = Debug|x64
		{E0EF3648-62EF-45F7-8661-8E94436F6AF1}.Debug|x64.ActiveCfg = Debug|x64
		{E0EF3648-62EF-45F7-8661-8E94436F6AF1}.Debug|x64.Build.0 = Debug|x64
		{E0EF3648-62EF-45F7-8661-8E94436F6AF1}.Debug|x86.ActiveCfg = Debug|x64
		{E0EF3648-62EF-45F7-8661-8E94436F6AF1}.Release|Any CPU.ActiveCfg = Release|x64
		{E0EF3648-62EF-45F7-8661-8E94436F6AF1}.Release|ARM.ActiveCfg = Release|x64
		{E0EF3648-62EF-45F7-8661-8E94436F6AF1}.Release|ARM64.ActiveCfg = Release|x64
		{E0EF3648-62EF-45F7-8661-8E94436F6AF1}.Release|x64.ActiveCfg = Release|x64
		{E0EF3648-62EF-45F7-8661-8E94436F6AF1}.Release|x64.Build.0 = Release|x64
		{E0EF3648-62EF-45F7-8661-8E94436F6AF1}.Release|x86.ActiveCfg = Release|x64
		{6225F434-56CC-4A9E-B84F-4FA6FC97782B}.Debug|Any CPU.ActiveCfg = Debug|x64
		{6225F434-56CC-4A9E-B84F-4FA6FC97782B}.Debug|ARM.ActiveCfg = Debug|x64
		{6225F434-56CC-4A9E-B84F-4FA6FC97782B}.Debug|ARM64.ActiveCfg = Debug|x64
		{6225F434-56CC-4A9E-B84F-4FA6FC97782B}.Debug|x64.ActiveCfg = Release|x64
		{6225F434-56CC-4A9E-B84F-4FA6FC97782B}.Debug|x64.Build.0 = Release|x64
		{6225F434-56CC-4A9E-B84F-4FA6FC97782B}.Debug|x64.Deploy.0 = Release|x64
		{6225F434-56CC-4A9E-B84F-4FA6FC97782B}.Debug|x86.ActiveCfg = Debug|x64
		{6225F434-56CC-4A9E-B84F-4FA6FC97782B}.Release|Any CPU.ActiveCfg = Release|x64
		{6225F434-56CC-4A9E-B84F-4FA6FC97782B}.Release|ARM.ActiveCfg = Release|x64
		{6225F434-56CC-4A9E-B84F-4FA6FC97782B}.Release|ARM64.ActiveCfg = Release|x64
		{6225F434-56CC-4A9E-B84F-4FA6FC97782B}.Release|x64.ActiveCfg = Release|x64
		{6225F434-56CC-4A9E-B84F-4FA6FC97782B}.Release|x64.Build.0 = Release|x64
		{6225F434-56CC-4A9E-B84F-4FA6FC97782B}.Release|x64.Deploy.0 = Release|x64
		{6225F434-56CC-4A9E-B84F-4FA6FC97782B}.Release|x86.ActiveCfg = Release|x64
	EndGlobalSection
	GlobalSection(SolutionProperties) = preSolution
		HideSolutionNode = FALSE
	EndGlobalSection
	GlobalSection(ExtensibilityGlobals) = postSolution
		SolutionGuid = {8057F04A-462C-42C5-9330-D1957A75663A}
	EndGlobalSection
EndGlobal
